
Microsoft Visual Studio Solution File, Format Version 12.00
# Visual Studio 15
Project("{FAE04EC0-301F-11D3-BF4B-00C04F79EFBC}") = "Assembly-CSharp-Editor", "Assembly-CSharp-Editor.csproj", "{A83982B8-AAF3-7664-EA6E-F61DC69AC9D1}"
EndProject
Project("{FAE04EC0-301F-11D3-BF4B-00C04F79EFBC}") = "Assembly-CSharp", "Assembly-CSharp.csproj", "{6003C14B-D8CB-2774-9CF9-9DA379A11F4F}"
EndProject
Global
	GlobalSection(SolutionConfigurationPlatforms) = preSolution
		Debug|Any CPU = Debug|Any CPU
		Release|Any CPU = Release|Any CPU
	EndGlobalSection
	GlobalSection(ProjectConfigurationPlatforms) = postSolution
		{A83982B8-AAF3-7664-EA6E-F61DC69AC9D1}.Debug|Any CPU.ActiveCfg = Debug|Any CPU
		{A83982B8-AAF3-7664-EA6E-F61DC69AC9D1}.Debug|Any CPU.Build.0 = Debug|Any CPU
		{A83982B8-AAF3-7664-EA6E-F61DC69AC9D1}.Release|Any CPU.ActiveCfg = Release|Any CPU
		{A83982B8-AAF3-7664-EA6E-F61DC69AC9D1}.Release|Any CPU.Build.0 = Release|Any CPU
		{6003C14B-D8CB-2774-9CF9-9DA379A11F4F}.Debug|Any CPU.ActiveCfg = Debug|Any CPU
		{6003C14B-D8CB-2774-9CF9-9DA379A11F4F}.Debug|Any CPU.Build.0 = Debug|Any CPU
		{6003C14B-D8CB-2774-9CF9-9DA379A11F4F}.Release|Any CPU.ActiveCfg = Release|Any CPU
		{6003C14B-D8CB-2774-9CF9-9DA379A11F4F}.Release|Any CPU.Build.0 = Release|Any CPU
	EndGlobalSection
	GlobalSection(SolutionProperties) = preSolution
		HideSolutionNode = FALSE
	EndGlobalSection
EndGlobal
